Microsoft Visual Studio Solution File, Format Version 12.00
# Visual Studio Version 17
VisualStudioVersion = 17.5.2.0
MinimumVisualStudioVersion = 10.0.40219.1
Project("{FAE04EC0-301F-11D3-BF4B-00C04F79EFBC}") = "Lithocraft-Core", "Lithocraft-Core.csproj", "{C4F16552-0371-D354-A3D2-344856C6E3E9}"
EndProject
Global
	GlobalSection(SolutionConfigurationPlatforms) = preSolution
		Debug|Any CPU = Debug|Any CPU
		Release|Any CPU = Release|Any CPU
	EndGlobalSection
	GlobalSection(ProjectConfigurationPlatforms) = postSolution
		{C4F16552-0371-D354-A3D2-344856C6E3E9}.Debug|Any CPU.ActiveCfg = Debug|Any CPU
		{C4F16552-0371-D354-A3D2-344856C6E3E9}.Debug|Any CPU.Build.0 = Debug|Any CPU
		{C4F16552-0371-D354-A3D2-344856C6E3E9}.Release|Any CPU.ActiveCfg = Release|Any CPU
		{C4F16552-0371-D354-A3D2-344856C6E3E9}.Release|Any CPU.Build.0 = Release|Any CPU
	EndGlobalSection
	GlobalSection(SolutionProperties) = preSolution
		HideSolutionNode = FALSE
	EndGlobalSection
	GlobalSection(ExtensibilityGlobals) = postSolution
		SolutionGuid = {B9564091-493B-4D72-9A77-644BAC535E5B}
	EndGlobalSection
EndGlobal
